
Microsoft Visual Studio Solution File, Format Version 12.00
# Visual Studio 15
VisualStudioVersion = 15.0.28307.572
MinimumVisualStudioVersion = 10.0.40219.1
Project("{FAE04EC0-301F-11D3-BF4B-00C04F79EFBC}") = "LegoVision", "LegoVision\LegoVision.csproj", "{436F6FE5-2AAF-4EAF-B1CD-070FA5C9A519}"
EndProject
Global
	GlobalSection(SolutionConfigurationPlatforms) = preSolution
		Debug|Any CPU = Debug|Any CPU
		Release|Any CPU = Release|Any CPU
	EndGlobalSection
	GlobalSection(ProjectConfigurationPlatforms) = postSolution
		{436F6FE5-2AAF-4EAF-B1CD-070FA5C9A519}.Debug|Any CPU.ActiveCfg = Debug|Any CPU
		{436F6FE5-2AAF-4EAF-B1CD-070FA5C9A519}.Debug|Any CPU.Build.0 = Debug|Any CPU
		{436F6FE5-2AAF-4EAF-B1CD-070FA5C9A519}.Release|Any CPU.ActiveCfg = Release|Any CPU
		{436F6FE5-2AAF-4EAF-B1CD-070FA5C9A519}.Release|Any CPU.Build.0 = Release|Any CPU
	EndGlobalSection
	GlobalSection(SolutionProperties) = preSolution
		HideSolutionNode = FALSE
	EndGlobalSection
	GlobalSection(ExtensibilityGlobals) = postSolution
		SolutionGuid = {C5FCED17-B6DE-48FB-8477-8E23CF1AC1B9}
	EndGlobalSection
EndGlobal
