
Microsoft Visual Studio Solution File, Format Version 12.00
# Visual Studio 15
VisualStudioVersion = 15.0.28307.572
MinimumVisualStudioVersion = 10.0.40219.1
Project("{FAE04EC0-301F-11D3-BF4B-00C04F79EFBC}") = "TrainDataCreator", "TrainDataCreator\TrainDataCreator.csproj", "{D6EBCDAB-FC72-401F-B3E3-D1A5D8E53876}"
EndProject
Global
	GlobalSection(SolutionConfigurationPlatforms) = preSolution
		Debug|Any CPU = Debug|Any CPU
		Release|Any CPU = Release|Any CPU
	EndGlobalSection
	GlobalSection(ProjectConfigurationPlatforms) = postSolution
		{D6EBCDAB-FC72-401F-B3E3-D1A5D8E53876}.Debug|Any CPU.ActiveCfg = Debug|Any CPU
		{D6EBCDAB-FC72-401F-B3E3-D1A5D8E53876}.Debug|Any CPU.Build.0 = Debug|Any CPU
		{D6EBCDAB-FC72-401F-B3E3-D1A5D8E53876}.Release|Any CPU.ActiveCfg = Release|Any CPU
		{D6EBCDAB-FC72-401F-B3E3-D1A5D8E53876}.Release|Any CPU.Build.0 = Release|Any CPU
	EndGlobalSection
	GlobalSection(SolutionProperties) = preSolution
		HideSolutionNode = FALSE
	EndGlobalSection
	GlobalSection(ExtensibilityGlobals) = postSolution
		SolutionGuid = {DA626373-8D4D-4AE3-A7F1-5FC705A66899}
	EndGlobalSection
EndGlobal
